
Microsoft Visual Studio Solution File, Format Version 12.00
# Visual Studio Version 16
VisualStudioVersion = 16.0.31025.194
MinimumVisualStudioVersion = 10.0.40219.1
Project("{FAE04EC0-301F-11D3-BF4B-00C04F79EFBC}") = "ExeDataBinding", "LoginPage\ExeDataBinding.csproj", "{996ECDA6-DCA2-4DCE-B24A-680D0039E89D}"
EndProject
Global
	GlobalSection(SolutionConfigurationPlatforms) = preSolution
		Debug|Any CPU = Debug|Any CPU
		Release|Any CPU = Release|Any CPU
	EndGlobalSection
	GlobalSection(ProjectConfigurationPlatforms) = postSolution
		{996ECDA6-DCA2-4DCE-B24A-680D0039E89D}.Debug|Any CPU.ActiveCfg = Debug|Any CPU
		{996ECDA6-DCA2-4DCE-B24A-680D0039E89D}.Debug|Any CPU.Build.0 = Debug|Any CPU
		{996ECDA6-DCA2-4DCE-B24A-680D0039E89D}.Release|Any CPU.ActiveCfg = Release|Any CPU
		{996ECDA6-DCA2-4DCE-B24A-680D0039E89D}.Release|Any CPU.Build.0 = Release|Any CPU
	EndGlobalSection
	GlobalSection(SolutionProperties) = preSolution
		HideSolutionNode = FALSE
	EndGlobalSection
	GlobalSection(ExtensibilityGlobals) = postSolution
		SolutionGuid = {CE4D948F-3F59-48F0-8F80-8064BFEB64D3}
	EndGlobalSection
EndGlobal
